
Microsoft Visual Studio Solution File, Format Version 12.00
# Visual Studio Version 16
VisualStudioVersion = 16.0.29503.13
MinimumVisualStudioVersion = 10.0.40219.1
Project("{F184B08F-C81C-45F6-A57F-5ABD9991F28F}") = "Curso2020.UI", "Curso2020.UI\Curso2020.UI.vbproj", "{B424218A-1419-48C0-A11C-B1373FE37B69}"
EndProject
Global
	GlobalSection(SolutionConfigurationPlatforms) = preSolution
		Debug|Any CPU = Debug|Any CPU
		Release|Any CPU = Release|Any CPU
	EndGlobalSection
	GlobalSection(ProjectConfigurationPlatforms) = postSolution
		{B424218A-1419-48C0-A11C-B1373FE37B69}.Debug|Any CPU.ActiveCfg = Debug|Any CPU
		{B424218A-1419-48C0-A11C-B1373FE37B69}.Debug|Any CPU.Build.0 = Debug|Any CPU
		{B424218A-1419-48C0-A11C-B1373FE37B69}.Release|Any CPU.ActiveCfg = Release|Any CPU
		{B424218A-1419-48C0-A11C-B1373FE37B69}.Release|Any CPU.Build.0 = Release|Any CPU
	EndGlobalSection
	GlobalSection(SolutionProperties) = preSolution
		HideSolutionNode = FALSE
	EndGlobalSection
	GlobalSection(ExtensibilityGlobals) = postSolution
		SolutionGuid = {6123B1D7-4F92-4FF2-85BC-FBA473242110}
	EndGlobalSection
EndGlobal
